
Microsoft Visual Studio Solution File, Format Version 12.00
# Visual Studio 15
VisualStudioVersion = 15.0.28010.2041
MinimumVisualStudioVersion = 10.0.40219.1
Project("{8BC9CEB8-8B4A-11D0-8D11-00A0C91BC942}") = "1_1", "1_1\1_1.vcxproj", "{7C84D9A5-E662-4C30-8032-A87455F24D77}"
EndProject
Project("{8BC9CEB8-8B4A-11D0-8D11-00A0C91BC942}") = "1_2", "1_2\1_2.vcxproj", "{72864957-A0EE-4EEF-82E2-ADB756771154}"
EndProject
Project("{8BC9CEB8-8B4A-11D0-8D11-00A0C91BC942}") = "1_3", "1_3\1_3.vcxproj", "{6534A086-CD62-4EEE-AB18-E5D1D3EA4815}"
EndProject
Project("{8BC9CEB8-8B4A-11D0-8D11-00A0C91BC942}") = "1_4", "1_4\1_4.vcxproj", "{1B7F6832-2BC3-4EA1-A34F-F3A3F96D0B92}"
EndProject
Project("{8BC9CEB8-8B4A-11D0-8D11-00A0C91BC942}") = "1_5", "1_5\1_5.vcxproj", "{A2220847-3CC8-4282-B2B7-E073672CB183}"
EndProject
Project("{8BC9CEB8-8B4A-11D0-8D11-00A0C91BC942}") = "1_6", "1_6\1_6.vcxproj", "{65F32947-33ED-4317-813F-EE0910473A1E}"
EndProject
Project("{8BC9CEB8-8B4A-11D0-8D11-00A0C91BC942}") = "1_7", "1_7\1_7.vcxproj", "{89A0D4C8-9C3E-418F-87FF-32B8C73E7B31}"
EndProject
Project("{8BC9CEB8-8B4A-11D0-8D11-00A0C91BC942}") = "1_8", "1_8\1_8.vcxproj", "{EBBD710B-077F-4C27-BD81-FEB3DE85AE90}"
EndProject
Project("{8BC9CEB8-8B4A-11D0-8D11-00A0C91BC942}") = "1_9", "1_9\1_9.vcxproj", "{E8BC3489-9A1C-46B2-BA10-0D9971FFFD15}"
EndProject
Project("{8BC9CEB8-8B4A-11D0-8D11-00A0C91BC942}") = "1_10", "1_10\1_10.vcxproj", "{49956CD8-925A-401A-BBF5-EC7F7E76B473}"
EndProject
Project("{8BC9CEB8-8B4A-11D0-8D11-00A0C91BC942}") = "1_11", "1_11\1_11.vcxproj", "{74228108-DF41-4FC2-861A-D06F7638DB08}"
EndProject
Project("{8BC9CEB8-8B4A-11D0-8D11-00A0C91BC942}") = "1_12", "1_12\1_12.vcxproj", "{A8FDFBA7-FA60-4AE5-ADAB-0D278F98962D}"
EndProject
Project("{8BC9CEB8-8B4A-11D0-8D11-00A0C91BC942}") = "1_13", "1_13\1_13.vcxproj", "{0B0C8E69-EDC2-4E52-90C1-06C41DD86F83}"
EndProject
Project("{8BC9CEB8-8B4A-11D0-8D11-00A0C91BC942}") = "1_14", "1_14\1_14.vcxproj", "{855281CD-42E2-402A-9CE7-E2254CFF7D44}"
EndProject
Project("{8BC9CEB8-8B4A-11D0-8D11-00A0C91BC942}") = "1_15", "1_15\1_15.vcxproj", "{76F629F4-FB2A-4227-9CEE-58250EB57001}"
EndProject
Project("{8BC9CEB8-8B4A-11D0-8D11-00A0C91BC942}") = "1_16", "1_16\1_16.vcxproj", "{C8ABD29A-7122-4FF1-9FF1-F2DA2BE4A01A}"
EndProject
Project("{8BC9CEB8-8B4A-11D0-8D11-00A0C91BC942}") = "1_17", "1_17\1_17.vcxproj", "{99D5CFCF-8D75-4EB9-A833-9E966BB37516}"
EndProject
Project("{8BC9CEB8-8B4A-11D0-8D11-00A0C91BC942}") = "1_18", "1_18\1_18.vcxproj", "{031D2B7A-7077-45A1-B2A3-258AE7628919}"
EndProject
Project("{8BC9CEB8-8B4A-11D0-8D11-00A0C91BC942}") = "1_19", "1_19\1_19.vcxproj", "{FC1A3F67-8346-44CE-B78C-716476AFCBCF}"
EndProject
Project("{8BC9CEB8-8B4A-11D0-8D11-00A0C91BC942}") = "1_22", "1_22\1_22.vcxproj", "{68BDB693-567F-4E62-AB27-A22521F48F7E}"
EndProject
Project("{8BC9CEB8-8B4A-11D0-8D11-00A0C91BC942}") = "1_23", "1_23\1_23.vcxproj", "{DA084C4B-B6E9-44FC-8B4B-3AE36CC3047B}"
EndProject
Project("{2150E333-8FDC-42A3-9474-1A3956D46DE8}") = "1~10", "1~10", "{17C6F82A-C45C-4BD7-B5DD-5C1C297ECA08}"
EndProject
Project("{2150E333-8FDC-42A3-9474-1A3956D46DE8}") = "11~20", "11~20", "{FAB554C0-061A-4034-B30C-A7F0F21F63CD}"
EndProject
Project("{8BC9CEB8-8B4A-11D0-8D11-00A0C91BC942}") = "1_24", "1_24\1_24.vcxproj", "{B5FDB039-1041-4B2B-919A-7F33898869A9}"
EndProject
Project("{8BC9CEB8-8B4A-11D0-8D11-00A0C91BC942}") = "1_25", "1_25\1_25.vcxproj", "{837A972C-B07C-4016-96C5-FC1B92C25B3E}"
EndProject
Project("{8BC9CEB8-8B4A-11D0-8D11-00A0C91BC942}") = "1_26", "1_26\1_26.vcxproj", "{B4A6EB84-76CD-45C0-B8FF-4EC1D79B7025}"
EndProject
Project("{8BC9CEB8-8B4A-11D0-8D11-00A0C91BC942}") = "1_27", "1_27\1_27.vcxproj", "{5249AA6E-1A85-4BF1-B7F9-B6B978ED8A20}"
EndProject
Project("{2150E333-8FDC-42A3-9474-1A3956D46DE8}") = "31~40", "31~40", "{3D6B370D-E138-4ED3-92C9-D6E4D0DB5C78}"
EndProject
Project("{2150E333-8FDC-42A3-9474-1A3956D46DE8}") = "21~30", "21~30", "{A049B127-9FD9-466A-AADE-8648B587E399}"
EndProject
Project("{8BC9CEB8-8B4A-11D0-8D11-00A0C91BC942}") = "4_32", "4_32\4_32.vcxproj", "{7A92C8F6-0F47-4BA8-B746-ED92C8B1B45A}"
EndProject
Project("{8BC9CEB8-8B4A-11D0-8D11-00A0C91BC942}") = "4_33", "4_33\4_33.vcxproj", "{AF558279-5FF5-495F-B0DA-55DDFA2C48A3}"
EndProject
Project("{8BC9CEB8-8B4A-11D0-8D11-00A0C91BC942}") = "4_34", "4_34\4_34.vcxproj", "{19383CC0-4993-4872-AE41-0CF51BE30B93}"
EndProject
Project("{8BC9CEB8-8B4A-11D0-8D11-00A0C91BC942}") = "4_35", "4_35\4_35.vcxproj", "{C68A653F-0E87-4DB7-86E1-C52B3397A15A}"
EndProject
Project("{8BC9CEB8-8B4A-11D0-8D11-00A0C91BC942}") = "4_36", "4_36\4_36.vcxproj", "{18BA51B4-4D70-43C0-9017-93BC84FE4097}"
EndProject
Project("{8BC9CEB8-8B4A-11D0-8D11-00A0C91BC942}") = "4_37", "4_37\4_37.vcxproj", "{74B55F99-F819-4BCE-AD25-E19635A4D1C1}"
EndProject
Global
	GlobalSection(SolutionConfigurationPlatforms) = preSolution
		Debug|x64 = Debug|x64
		Debug|x86 = Debug|x86
		Release|x64 = Release|x64
		Release|x86 = Release|x86
	EndGlobalSection
	GlobalSection(ProjectConfigurationPlatforms) = postSolution
		{7C84D9A5-E662-4C30-8032-A87455F24D77}.Debug|x64.ActiveCfg = Debug|x64
		{7C84D9A5-E662-4C30-8032-A87455F24D77}.Debug|x64.Build.0 = Debug|x64
		{7C84D9A5-E662-4C30-8032-A87455F24D77}.Debug|x86.ActiveCfg = Debug|Win32
		{7C84D9A5-E662-4C30-8032-A87455F24D77}.Debug|x86.Build.0 = Debug|Win32
		{7C84D9A5-E662-4C30-8032-A87455F24D77}.Release|x64.ActiveCfg = Release|x64
		{7C84D9A5-E662-4C30-8032-A87455F24D77}.Release|x64.Build.0 = Release|x64
		{7C84D9A5-E662-4C30-8032-A87455F24D77}.Release|x86.ActiveCfg = Release|Win32
		{7C84D9A5-E662-4C30-8032-A87455F24D77}.Release|x86.Build.0 = Release|Win32
		{72864957-A0EE-4EEF-82E2-ADB756771154}.Debug|x64.ActiveCfg = Debug|x64
		{72864957-A0EE-4EEF-82E2-ADB756771154}.Debug|x64.Build.0 = Debug|x64
		{72864957-A0EE-4EEF-82E2-ADB756771154}.Debug|x86.ActiveCfg = Debug|Win32
		{72864957-A0EE-4EEF-82E2-ADB756771154}.Debug|x86.Build.0 = Debug|Win32
		{72864957-A0EE-4EEF-82E2-ADB756771154}.Release|x64.ActiveCfg = Release|x64
		{72864957-A0EE-4EEF-82E2-ADB756771154}.Release|x64.Build.0 = Release|x64
		{72864957-A0EE-4EEF-82E2-ADB756771154}.Release|x86.ActiveCfg = Release|Win32
		{72864957-A0EE-4EEF-82E2-ADB756771154}.Release|x86.Build.0 = Release|Win32
		{6534A086-CD62-4EEE-AB18-E5D1D3EA4815}.Debug|x64.ActiveCfg = Debug|x64
		{6534A086-CD62-4EEE-AB18-E5D1D3EA4815}.Debug|x64.Build.0 = Debug|x64
		{6534A086-CD62-4EEE-AB18-E5D1D3EA4815}.Debug|x86.ActiveCfg = Debug|Win32
		{6534A086-CD62-4EEE-AB18-E5D1D3EA4815}.Debug|x86.Build.0 = Debug|Win32
		{6534A086-CD62-4EEE-AB18-E5D1D3EA4815}.Release|x64.ActiveCfg = Release|x64
		{6534A086-CD62-4EEE-AB18-E5D1D3EA4815}.Release|x64.Build.0 = Release|x64
		{6534A086-CD62-4EEE-AB18-E5D1D3EA4815}.Release|x86.ActiveCfg = Release|Win32
		{6534A086-CD62-4EEE-AB18-E5D1D3EA4815}.Release|x86.Build.0 = Release|Win32
		{1B7F6832-2BC3-4EA1-A34F-F3A3F96D0B92}.Debug|x64.ActiveCfg = Debug|x64
		{1B7F6832-2BC3-4EA1-A34F-F3A3F96D0B92}.Debug|x64.Build.0 = Debug|x64
		{1B7F6832-2BC3-4EA1-A34F-F3A3F96D0B92}.Debug|x86.ActiveCfg = Debug|Win32
		{1B7F6832-2BC3-4EA1-A34F-F3A3F96D0B92}.Debug|x86.Build.0 = Debug|Win32
		{1B7F6832-2BC3-4EA1-A34F-F3A3F96D0B92}.Release|x64.ActiveCfg = Release|x64
		{1B7F6832-2BC3-4EA1-A34F-F3A3F96D0B92}.Release|x64.Build.0 = Release|x64
		{1B7F6832-2BC3-4EA1-A34F-F3A3F96D0B92}.Release|x86.ActiveCfg = Release|Win32
		{1B7F6832-2BC3-4EA1-A34F-F3A3F96D0B92}.Release|x86.Build.0 = Release|Win32
		{A2220847-3CC8-4282-B2B7-E073672CB183}.Debug|x64.ActiveCfg = Debug|x64
		{A2220847-3CC8-4282-B2B7-E073672CB183}.Debug|x64.Build.0 = Debug|x64
		{A2220847-3CC8-4282-B2B7-E073672CB183}.Debug|x86.ActiveCfg = Debug|Win32
		{A2220847-3CC8-4282-B2B7-E073672CB183}.Debug|x86.Build.0 = Debug|Win32
		{A2220847-3CC8-4282-B2B7-E073672CB183}.Release|x64.ActiveCfg = Release|x64
		{A2220847-3CC8-4282-B2B7-E073672CB183}.Release|x64.Build.0 = Release|x64
		{A2220847-3CC8-4282-B2B7-E073672CB183}.Release|x86.ActiveCfg = Release|Win32
		{A2220847-3CC8-4282-B2B7-E073672CB183}.Release|x86.Build.0 = Release|Win32
		{65F32947-33ED-4317-813F-EE0910473A1E}.Debug|x64.ActiveCfg = Debug|x64
		{65F32947-33ED-4317-813F-EE0910473A1E}.Debug|x64.Build.0 = Debug|x64
		{65F32947-33ED-4317-813F-EE0910473A1E}.Debug|x86.ActiveCfg = Debug|Win32
		{65F32947-33ED-4317-813F-EE0910473A1E}.Debug|x86.Build.0 = Debug|Win32
		{65F32947-33ED-4317-813F-EE0910473A1E}.Release|x64.ActiveCfg = Release|x64
		{65F32947-33ED-4317-813F-EE0910473A1E}.Release|x64.Build.0 = Release|x64
		{65F32947-33ED-4317-813F-EE0910473A1E}.Release|x86.ActiveCfg = Release|Win32
		{65F32947-33ED-4317-813F-EE0910473A1E}.Release|x86.Build.0 = Release|Win32
		{89A0D4C8-9C3E-418F-87FF-32B8C73E7B31}.Debug|x64.ActiveCfg = Debug|x64
		{89A0D4C8-9C3E-418F-87FF-32B8C73E7B31}.Debug|x64.Build.0 = Debug|x64
		{89A0D4C8-9C3E-418F-87FF-32B8C73E7B31}.Debug|x86.ActiveCfg = Debug|Win32
		{89A0D4C8-9C3E-418F-87FF-32B8C73E7B31}.Debug|x86.Build.0 = Debug|Win32
		{89A0D4C8-9C3E-418F-87FF-32B8C73E7B31}.Release|x64.ActiveCfg = Release|x64
		{89A0D4C8-9C3E-418F-87FF-32B8C73E7B31}.Release|x64.Build.0 = Release|x64
		{89A0D4C8-9C3E-418F-87FF-32B8C73E7B31}.Release|x86.ActiveCfg = Release|Win32
		{89A0D4C8-9C3E-418F-87FF-32B8C73E7B31}.Release|x86.Build.0 = Release|Win32
		{EBBD710B-077F-4C27-BD81-FEB3DE85AE90}.Debug|x64.ActiveCfg = Debug|x64
		{EBBD710B-077F-4C27-BD81-FEB3DE85AE90}.Debug|x64.Build.0 = Debug|x64
		{EBBD710B-077F-4C27-BD81-FEB3DE85AE90}.Debug|x86.ActiveCfg = Debug|Win32
		{EBBD710B-077F-4C27-BD81-FEB3DE85AE90}.Debug|x86.Build.0 = Debug|Win32
		{EBBD710B-077F-4C27-BD81-FEB3DE85AE90}.Release|x64.ActiveCfg = Release|x64
		{EBBD710B-077F-4C27-BD81-FEB3DE85AE90}.Release|x64.Build.0 = Release|x64
		{EBBD710B-077F-4C27-BD81-FEB3DE85AE90}.Release|x86.ActiveCfg = Release|Win32
		{EBBD710B-077F-4C27-BD81-FEB3DE85AE90}.Release|x86.Build.0 = Release|Win32
		{E8BC3489-9A1C-46B2-BA10-0D9971FFFD15}.Debug|x64.ActiveCfg = Debug|x64
		{E8BC3489-9A1C-46B2-BA10-0D9971FFFD15}.Debug|x64.Build.0 = Debug|x64
		{E8BC3489-9A1C-46B2-BA10-0D9971FFFD15}.Debug|x86.ActiveCfg = Debug|Win32
		{E8BC3489-9A1C-46B2-BA10-0D9971FFFD15}.Debug|x86.Build.0 = Debug|Win32
		{E8BC3489-9A1C-46B2-BA10-0D9971FFFD15}.Release|x64.ActiveCfg = Release|x64
		{E8BC3489-9A1C-46B2-BA10-0D9971FFFD15}.Release|x64.Build.0 = Release|x64
		{E8BC3489-9A1C-46B2-BA10-0D9971FFFD15}.Release|x86.ActiveCfg = Release|Win32
		{E8BC3489-9A1C-46B2-BA10-0D9971FFFD15}.Release|x86.Build.0 = Release|Win32
		{49956CD8-925A-401A-BBF5-EC7F7E76B473}.Debug|x64.ActiveCfg = Debug|x64
		{49956CD8-925A-401A-BBF5-EC7F7E76B473}.Debug|x64.Build.0 = Debug|x64
		{49956CD8-925A-401A-BBF5-EC7F7E76B473}.Debug|x86.ActiveCfg = Debug|Win32
		{49956CD8-925A-401A-BBF5-EC7F7E76B473}.Debug|x86.Build.0 = Debug|Win32
		{49956CD8-925A-401A-BBF5-EC7F7E76B473}.Release|x64.ActiveCfg = Release|x64
		{49956CD8-925A-401A-BBF5-EC7F7E76B473}.Release|x64.Build.0 = Release|x64
		{49956CD8-925A-401A-BBF5-EC7F7E76B473}.Release|x86.ActiveCfg = Release|Win32
		{49956CD8-925A-401A-BBF5-EC7F7E76B473}.Release|x86.Build.0 = Release|Win32
		{74228108-DF41-4FC2-861A-D06F7638DB08}.Debug|x64.ActiveCfg = Debug|x64
		{74228108-DF41-4FC2-861A-D06F7638DB08}.Debug|x64.Build.0 = Debug|x64
		{74228108-DF41-4FC2-861A-D06F7638DB08}.Debug|x86.ActiveCfg = Debug|Win32
		{74228108-DF41-4FC2-861A-D06F7638DB08}.Debug|x86.Build.0 = Debug|Win32
		{74228108-DF41-4FC2-861A-D06F7638DB08}.Release|x64.ActiveCfg = Release|x64
		{74228108-DF41-4FC2-861A-D06F7638DB08}.Release|x64.Build.0 = Release|x64
		{74228108-DF41-4FC2-861A-D06F7638DB08}.Release|x86.ActiveCfg = Release|Win32
		{74228108-DF41-4FC2-861A-D06F7638DB08}.Release|x86.Build.0 = Release|Win32
		{A8FDFBA7-FA60-4AE5-ADAB-0D278F98962D}.Debug|x64.ActiveCfg = Debug|x64
		{A8FDFBA7-FA60-4AE5-ADAB-0D278F98962D}.Debug|x64.Build.0 = Debug|x64
		{A8FDFBA7-FA60-4AE5-ADAB-0D278F98962D}.Debug|x86.ActiveCfg = Debug|Win32
		{A8FDFBA7-FA60-4AE5-ADAB-0D278F98962D}.Debug|x86.Build.0 = Debug|Win32
		{A8FDFBA7-FA60-4AE5-ADAB-0D278F98962D}.Release|x64.ActiveCfg = Release|x64
		{A8FDFBA7-FA60-4AE5-ADAB-0D278F98962D}.Release|x64.Build.0 = Release|x64
		{A8FDFBA7-FA60-4AE5-ADAB-0D278F98962D}.Release|x86.ActiveCfg = Release|Win32
		{A8FDFBA7-FA60-4AE5-ADAB-0D278F98962D}.Release|x86.Build.0 = Release|Win32
		{0B0C8E69-EDC2-4E52-90C1-06C41DD86F83}.Debug|x64.ActiveCfg = Debug|x64
		{0B0C8E69-EDC2-4E52-90C1-06C41DD86F83}.Debug|x64.Build.0 = Debug|x64
		{0B0C8E69-EDC2-4E52-90C1-06C41DD86F83}.Debug|x86.ActiveCfg = Debug|Win32
		{0B0C8E69-EDC2-4E52-90C1-06C41DD86F83}.Debug|x86.Build.0 = Debug|Win32
		{0B0C8E69-EDC2-4E52-90C1-06C41DD86F83}.Release|x64.ActiveCfg = Release|x64
		{0B0C8E69-EDC2-4E52-90C1-06C41DD86F83}.Release|x64.Build.0 = Release|x64
		{0B0C8E69-EDC2-4E52-90C1-06C41DD86F83}.Release|x86.ActiveCfg = Release|Win32
		{0B0C8E69-EDC2-4E52-90C1-06C41DD86F83}.Release|x86.Build.0 = Release|Win32
		{855281CD-42E2-402A-9CE7-E2254CFF7D44}.Debug|x64.ActiveCfg = Debug|x64
		{855281CD-42E2-402A-9CE7-E2254CFF7D44}.Debug|x64.Build.0 = Debug|x64
		{855281CD-42E2-402A-9CE7-E2254CFF7D44}.Debug|x86.ActiveCfg = Debug|Win32
		{855281CD-42E2-402A-9CE7-E2254CFF7D44}.Debug|x86.Build.0 = Debug|Win32
		{855281CD-42E2-402A-9CE7-E2254CFF7D44}.Release|x64.ActiveCfg = Release|x64
		{855281CD-42E2-402A-9CE7-E2254CFF7D44}.Release|x64.Build.0 = Release|x64
		{855281CD-42E2-402A-9CE7-E2254CFF7D44}.Release|x86.ActiveCfg = Release|Win32
		{855281CD-42E2-402A-9CE7-E2254CFF7D44}.Release|x86.Build.0 = Release|Win32
		{76F629F4-FB2A-4227-9CEE-58250EB57001}.Debug|x64.ActiveCfg = Debug|x64
		{76F629F4-FB2A-4227-9CEE-58250EB57001}.Debug|x64.Build.0 = Debug|x64
		{76F629F4-FB2A-4227-9CEE-58250EB57001}.Debug|x86.ActiveCfg = Debug|Win32
		{76F629F4-FB2A-4227-9CEE-58250EB57001}.Debug|x86.Build.0 = Debug|Win32
		{76F629F4-FB2A-4227-9CEE-58250EB57001}.Release|x64.ActiveCfg = Release|x64
		{76F629F4-FB2A-4227-9CEE-58250EB57001}.Release|x64.Build.0 = Release|x64
		{76F629F4-FB2A-4227-9CEE-58250EB57001}.Release|x86.ActiveCfg = Release|Win32
		{76F629F4-FB2A-4227-9CEE-58250EB57001}.Release|x86.Build.0 = Release|Win32
		{C8ABD29A-7122-4FF1-9FF1-F2DA2BE4A01A}.Debug|x64.ActiveCfg = Debug|x64
		{C8ABD29A-7122-4FF1-9FF1-F2DA2BE4A01A}.Debug|x64.Build.0 = Debug|x64
		{C8ABD29A-7122-4FF1-9FF1-F2DA2BE4A01A}.Debug|x86.ActiveCfg = Debug|Win32
		{C8ABD29A-7122-4FF1-9FF1-F2DA2BE4A01A}.Debug|x86.Build.0 = Debug|Win32
		{C8ABD29A-7122-4FF1-9FF1-F2DA2BE4A01A}.Release|x64.ActiveCfg = Release|x64
		{C8ABD29A-7122-4FF1-9FF1-F2DA2BE4A01A}.Release|x64.Build.0 = Release|x64
		{C8ABD29A-7122-4FF1-9FF1-F2DA2BE4A01A}.Release|x86.ActiveCfg = Release|Win32
		{C8ABD29A-7122-4FF1-9FF1-F2DA2BE4A01A}.Release|x86.Build.0 = Release|Win32
		{99D5CFCF-8D75-4EB9-A833-9E966BB37516}.Debug|x64.ActiveCfg = Debug|x64
		{99D5CFCF-8D75-4EB9-A833-9E966BB37516}.Debug|x64.Build.0 = Debug|x64
		{99D5CFCF-8D75-4EB9-A833-9E966BB37516}.Debug|x86.ActiveCfg = Debug|Win32
		{99D5CFCF-8D75-4EB9-A833-9E966BB37516}.Debug|x86.Build.0 = Debug|Win32
		{99D5CFCF-8D75-4EB9-A833-9E966BB37516}.Release|x64.ActiveCfg = Release|x64
		{99D5CFCF-8D75-4EB9-A833-9E966BB37516}.Release|x64.Build.0 = Release|x64
		{99D5CFCF-8D75-4EB9-A833-9E966BB37516}.Release|x86.ActiveCfg = Release|Win32
		{99D5CFCF-8D75-4EB9-A833-9E966BB37516}.Release|x86.Build.0 = Release|Win32
		{031D2B7A-7077-45A1-B2A3-258AE7628919}.Debug|x64.ActiveCfg = Debug|x64
		{031D2B7A-7077-45A1-B2A3-258AE7628919}.Debug|x64.Build.0 = Debug|x64
		{031D2B7A-7077-45A1-B2A3-258AE7628919}.Debug|x86.ActiveCfg = Debug|Win32
		{031D2B7A-7077-45A1-B2A3-258AE7628919}.Debug|x86.Build.0 = Debug|Win32
		{031D2B7A-7077-45A1-B2A3-258AE7628919}.Release|x64.ActiveCfg = Release|x64
		{031D2B7A-7077-45A1-B2A3-258AE7628919}.Release|x64.Build.0 = Release|x64
		{031D2B7A-7077-45A1-B2A3-258AE7628919}.Release|x86.ActiveCfg = Release|Win32
		{031D2B7A-7077-45A1-B2A3-258AE7628919}.Release|x86.Build.0 = Release|Win32
		{FC1A3F67-8346-44CE-B78C-716476AFCBCF}.Debug|x64.ActiveCfg = Debug|x64
		{FC1A3F67-8346-44CE-B78C-716476AFCBCF}.Debug|x64.Build.0 = Debug|x64
		{FC1A3F67-8346-44CE-B78C-716476AFCBCF}.Debug|x86.ActiveCfg = Debug|Win32
		{FC1A3F67-8346-44CE-B78C-716476AFCBCF}.Debug|x86.Build.0 = Debug|Win32
		{FC1A3F67-8346-44CE-B78C-716476AFCBCF}.Release|x64.ActiveCfg = Release|x64
		{FC1A3F67-8346-44CE-B78C-716476AFCBCF}.Release|x64.Build.0 = Release|x64
		{FC1A3F67-8346-44CE-B78C-716476AFCBCF}.Release|x86.ActiveCfg = Release|Win32
		{FC1A3F67-8346-44CE-B78C-716476AFCBCF}.Release|x86.Build.0 = Release|Win32
		{68BDB693-567F-4E62-AB27-A22521F48F7E}.Debug|x64.ActiveCfg = Debug|x64
		{68BDB693-567F-4E62-AB27-A22521F48F7E}.Debug|x64.Build.0 = Debug|x64
		{68BDB693-567F-4E62-AB27-A22521F48F7E}.Debug|x86.ActiveCfg = Debug|Win32
		{68BDB693-567F-4E62-AB27-A22521F48F7E}.Debug|x86.Build.0 = Debug|Win32
		{68BDB693-567F-4E62-AB27-A22521F48F7E}.Release|x64.ActiveCfg = Release|x64
		{68BDB693-567F-4E62-AB27-A22521F48F7E}.Release|x64.Build.0 = Release|x64
		{68BDB693-567F-4E62-AB27-A22521F48F7E}.Release|x86.ActiveCfg = Release|Win32
		{68BDB693-567F-4E62-AB27-A22521F48F7E}.Release|x86.Build.0 = Release|Win32
		{DA084C4B-B6E9-44FC-8B4B-3AE36CC3047B}.Debug|x64.ActiveCfg = Debug|x64
		{DA084C4B-B6E9-44FC-8B4B-3AE36CC3047B}.Debug|x64.Build.0 = Debug|x64
		{DA084C4B-B6E9-44FC-8B4B-3AE36CC3047B}.Debug|x86.ActiveCfg = Debug|Win32
		{DA084C4B-B6E9-44FC-8B4B-3AE36CC3047B}.Debug|x86.Build.0 = Debug|Win32
		{DA084C4B-B6E9-44FC-8B4B-3AE36CC3047B}.Release|x64.ActiveCfg = Release|x64
		{DA084C4B-B6E9-44FC-8B4B-3AE36CC3047B}.Release|x64.Build.0 = Release|x64
		{DA084C4B-B6E9-44FC-8B4B-3AE36CC3047B}.Release|x86.ActiveCfg = Release|Win32
		{DA084C4B-B6E9-44FC-8B4B-3AE36CC3047B}.Release|x86.Build.0 = Release|Win32
		{B5FDB039-1041-4B2B-919A-7F33898869A9}.Debug|x64.ActiveCfg = Debug|x64
		{B5FDB039-1041-4B2B-919A-7F33898869A9}.Debug|x64.Build.0 = Debug|x64
		{B5FDB039-1041-4B2B-919A-7F33898869A9}.Debug|x86.ActiveCfg = Debug|Win32
		{B5FDB039-1041-4B2B-919A-7F33898869A9}.Debug|x86.Build.0 = Debug|Win32
		{B5FDB039-1041-4B2B-919A-7F33898869A9}.Release|x64.ActiveCfg = Release|x64
		{B5FDB039-1041-4B2B-919A-7F33898869A9}.Release|x64.Build.0 = Release|x64
		{B5FDB039-1041-4B2B-919A-7F33898869A9}.Release|x86.ActiveCfg = Release|Win32
		{B5FDB039-1041-4B2B-919A-7F33898869A9}.Release|x86.Build.0 = Release|Win32
		{837A972C-B07C-4016-96C5-FC1B92C25B3E}.Debug|x64.ActiveCfg = Debug|x64
		{837A972C-B07C-4016-96C5-FC1B92C25B3E}.Debug|x64.Build.0 = Debug|x64
		{837A972C-B07C-4016-96C5-FC1B92C25B3E}.Debug|x86.ActiveCfg = Debug|Win32
		{837A972C-B07C-4016-96C5-FC1B92C25B3E}.Debug|x86.Build.0 = Debug|Win32
		{837A972C-B07C-4016-96C5-FC1B92C25B3E}.Release|x64.ActiveCfg = Release|x64
		{837A972C-B07C-4016-96C5-FC1B92C25B3E}.Release|x64.Build.0 = Release|x64
		{837A972C-B07C-4016-96C5-FC1B92C25B3E}.Release|x86.ActiveCfg = Release|Win32
		{837A972C-B07C-4016-96C5-FC1B92C25B3E}.Release|x86.Build.0 = Release|Win32
		{B4A6EB84-76CD-45C0-B8FF-4EC1D79B7025}.Debug|x64.ActiveCfg = Debug|x64
		{B4A6EB84-76CD-45C0-B8FF-4EC1D79B7025}.Debug|x64.Build.0 = Debug|x64
		{B4A6EB84-76CD-45C0-B8FF-4EC1D79B7025}.Debug|x86.ActiveCfg = Debug|Win32
		{B4A6EB84-76CD-45C0-B8FF-4EC1D79B7025}.Debug|x86.Build.0 = Debug|Win32
		{B4A6EB84-76CD-45C0-B8FF-4EC1D79B7025}.Release|x64.ActiveCfg = Release|x64
		{B4A6EB84-76CD-45C0-B8FF-4EC1D79B7025}.Release|x64.Build.0 = Release|x64
		{B4A6EB84-76CD-45C0-B8FF-4EC1D79B7025}.Release|x86.ActiveCfg = Release|Win32
		{B4A6EB84-76CD-45C0-B8FF-4EC1D79B7025}.Release|x86.Build.0 = Release|Win32
		{5249AA6E-1A85-4BF1-B7F9-B6B978ED8A20}.Debug|x64.ActiveCfg = Debug|x64
		{5249AA6E-1A85-4BF1-B7F9-B6B978ED8A20}.Debug|x64.Build.0 = Debug|x64
		{5249AA6E-1A85-4BF1-B7F9-B6B978ED8A20}.Debug|x86.ActiveCfg = Debug|Win32
		{5249AA6E-1A85-4BF1-B7F9-B6B978ED8A20}.Debug|x86.Build.0 = Debug|Win32
		{5249AA6E-1A85-4BF1-B7F9-B6B978ED8A20}.Release|x64.ActiveCfg = Release|x64
		{5249AA6E-1A85-4BF1-B7F9-B6B978ED8A20}.Release|x64.Build.0 = Release|x64
		{5249AA6E-1A85-4BF1-B7F9-B6B978ED8A20}.Release|x86.ActiveCfg = Release|Win32
		{5249AA6E-1A85-4BF1-B7F9-B6B978ED8A20}.Release|x86.Build.0 = Release|Win32
		{7A92C8F6-0F47-4BA8-B746-ED92C8B1B45A}.Debug|x64.ActiveCfg = Debug|x64
		{7A92C8F6-0F47-4BA8-B746-ED92C8B1B45A}.Debug|x64.Build.0 = Debug|x64
		{7A92C8F6-0F47-4BA8-B746-ED92C8B1B45A}.Debug|x86.ActiveCfg = Debug|Win32
		{7A92C8F6-0F47-4BA8-B746-ED92C8B1B45A}.Debug|x86.Build.0 = Debug|Win32
		{7A92C8F6-0F47-4BA8-B746-ED92C8B1B45A}.Release|x64.ActiveCfg = Release|x64
		{7A92C8F6-0F47-4BA8-B746-ED92C8B1B45A}.Release|x64.Build.0 = Release|x64
		{7A92C8F6-0F47-4BA8-B746-ED92C8B1B45A}.Release|x86.ActiveCfg = Release|Win32
		{7A92C8F6-0F47-4BA8-B746-ED92C8B1B45A}.Release|x86.Build.0 = Release|Win32
		{AF558279-5FF5-495F-B0DA-55DDFA2C48A3}.Debug|x64.ActiveCfg = Debug|x64
		{AF558279-5FF5-495F-B0DA-55DDFA2C48A3}.Debug|x64.Build.0 = Debug|x64
		{AF558279-5FF5-495F-B0DA-55DDFA2C48A3}.Debug|x86.ActiveCfg = Debug|Win32
		{AF558279-5FF5-495F-B0DA-55DDFA2C48A3}.Debug|x86.Build.0 = Debug|Win32
		{AF558279-5FF5-495F-B0DA-55DDFA2C48A3}.Release|x64.ActiveCfg = Release|x64
		{AF558279-5FF5-495F-B0DA-55DDFA2C48A3}.Release|x64.Build.0 = Release|x64
		{AF558279-5FF5-495F-B0DA-55DDFA2C48A3}.Release|x86.ActiveCfg = Release|Win32
		{AF558279-5FF5-495F-B0DA-55DDFA2C48A3}.Release|x86.Build.0 = Release|Win32
		{19383CC0-4993-4872-AE41-0CF51BE30B93}.Debug|x64.ActiveCfg = Debug|x64
		{19383CC0-4993-4872-AE41-0CF51BE30B93}.Debug|x64.Build.0 = Debug|x64
		{19383CC0-4993-4872-AE41-0CF51BE30B93}.Debug|x86.ActiveCfg = Debug|Win32
		{19383CC0-4993-4872-AE41-0CF51BE30B93}.Debug|x86.Build.0 = Debug|Win32
		{19383CC0-4993-4872-AE41-0CF51BE30B93}.Release|x64.ActiveCfg = Release|x64
		{19383CC0-4993-4872-AE41-0CF51BE30B93}.Release|x64.Build.0 = Release|x64
		{19383CC0-4993-4872-AE41-0CF51BE30B93}.Release|x86.ActiveCfg = Release|Win32
		{19383CC0-4993-4872-AE41-0CF51BE30B93}.Release|x86.Build.0 = Release|Win32
		{C68A653F-0E87-4DB7-86E1-C52B3397A15A}.Debug|x64.ActiveCfg = Debug|x64
		{C68A653F-0E87-4DB7-86E1-C52B3397A15A}.Debug|x64.Build.0 = Debug|x64
		{C68A653F-0E87-4DB7-86E1-C52B3397A15A}.Debug|x86.ActiveCfg = Debug|Win32
		{C68A653F-0E87-4DB7-86E1-C52B3397A15A}.Debug|x86.Build.0 = Debug|Win32
		{C68A653F-0E87-4DB7-86E1-C52B3397A15A}.Release|x64.ActiveCfg = Release|x64
		{C68A653F-0E87-4DB7-86E1-C52B3397A15A}.Release|x64.Build.0 = Release|x64
		{C68A653F-0E87-4DB7-86E1-C52B3397A15A}.Release|x86.ActiveCfg = Release|Win32
		{C68A653F-0E87-4DB7-86E1-C52B3397A15A}.Release|x86.Build.0 = Release|Win32
		{18BA51B4-4D70-43C0-9017-93BC84FE4097}.Debug|x64.ActiveCfg = Debug|x64
		{18BA51B4-4D70-43C0-9017-93BC84FE4097}.Debug|x64.Build.0 = Debug|x64
		{18BA51B4-4D70-43C0-9017-93BC84FE4097}.Debug|x86.ActiveCfg = Debug|Win32
		{18BA51B4-4D70-43C0-9017-93BC84FE4097}.Debug|x86.Build.0 = Debug|Win32
		{18BA51B4-4D70-43C0-9017-93BC84FE4097}.Release|x64.ActiveCfg = Release|x64
		{18BA51B4-4D70-43C0-9017-93BC84FE4097}.Release|x64.Build.0 = Release|x64
		{18BA51B4-4D70-43C0-9017-93BC84FE4097}.Release|x86.ActiveCfg = Release|Win32
		{18BA51B4-4D70-43C0-9017-93BC84FE4097}.Release|x86.Build.0 = Release|Win32
		{74B55F99-F819-4BCE-AD25-E19635A4D1C1}.Debug|x64.ActiveCfg = Debug|x64
		{74B55F99-F819-4BCE-AD25-E19635A4D1C1}.Debug|x64.Build.0 = Debug|x64
		{74B55F99-F819-4BCE-AD25-E19635A4D1C1}.Debug|x86.ActiveCfg = Debug|Win32
		{74B55F99-F819-4BCE-AD25-E19635A4D1C1}.Debug|x86.Build.0 = Debug|Win32
		{74B55F99-F819-4BCE-AD25-E19635A4D1C1}.Release|x64.ActiveCfg = Release|x64
		{74B55F99-F819-4BCE-AD25-E19635A4D1C1}.Release|x64.Build.0 = Release|x64
		{74B55F99-F819-4BCE-AD25-E19635A4D1C1}.Release|x86.ActiveCfg = Release|Win32
		{74B55F99-F819-4BCE-AD25-E19635A4D1C1}.Release|x86.Build.0 = Release|Win32
	EndGlobalSection
	GlobalSection(SolutionProperties) = preSolution
		HideSolutionNode = FALSE
	EndGlobalSection
	GlobalSection(NestedProjects) = preSolution
		{7C84D9A5-E662-4C30-8032-A87455F24D77} = {17C6F82A-C45C-4BD7-B5DD-5C1C297ECA08}
		{72864957-A0EE-4EEF-82E2-ADB756771154} = {17C6F82A-C45C-4BD7-B5DD-5C1C297ECA08}
		{6534A086-CD62-4EEE-AB18-E5D1D3EA4815} = {17C6F82A-C45C-4BD7-B5DD-5C1C297ECA08}
		{1B7F6832-2BC3-4EA1-A34F-F3A3F96D0B92} = {17C6F82A-C45C-4BD7-B5DD-5C1C297ECA08}
		{A2220847-3CC8-4282-B2B7-E073672CB183} = {17C6F82A-C45C-4BD7-B5DD-5C1C297ECA08}
		{65F32947-33ED-4317-813F-EE0910473A1E} = {17C6F82A-C45C-4BD7-B5DD-5C1C297ECA08}
		{EBBD710B-077F-4C27-BD81-FEB3DE85AE90} = {17C6F82A-C45C-4BD7-B5DD-5C1C297ECA08}
		{E8BC3489-9A1C-46B2-BA10-0D9971FFFD15} = {17C6F82A-C45C-4BD7-B5DD-5C1C297ECA08}
		{49956CD8-925A-401A-BBF5-EC7F7E76B473} = {17C6F82A-C45C-4BD7-B5DD-5C1C297ECA08}
		{74228108-DF41-4FC2-861A-D06F7638DB08} = {FAB554C0-061A-4034-B30C-A7F0F21F63CD}
		{A8FDFBA7-FA60-4AE5-ADAB-0D278F98962D} = {FAB554C0-061A-4034-B30C-A7F0F21F63CD}
		{0B0C8E69-EDC2-4E52-90C1-06C41DD86F83} = {FAB554C0-061A-4034-B30C-A7F0F21F63CD}
		{855281CD-42E2-402A-9CE7-E2254CFF7D44} = {FAB554C0-061A-4034-B30C-A7F0F21F63CD}
		{76F629F4-FB2A-4227-9CEE-58250EB57001} = {FAB554C0-061A-4034-B30C-A7F0F21F63CD}
		{C8ABD29A-7122-4FF1-9FF1-F2DA2BE4A01A} = {FAB554C0-061A-4034-B30C-A7F0F21F63CD}
		{99D5CFCF-8D75-4EB9-A833-9E966BB37516} = {FAB554C0-061A-4034-B30C-A7F0F21F63CD}
		{031D2B7A-7077-45A1-B2A3-258AE7628919} = {FAB554C0-061A-4034-B30C-A7F0F21F63CD}
		{FC1A3F67-8346-44CE-B78C-716476AFCBCF} = {FAB554C0-061A-4034-B30C-A7F0F21F63CD}
		{68BDB693-567F-4E62-AB27-A22521F48F7E} = {A049B127-9FD9-466A-AADE-8648B587E399}
		{DA084C4B-B6E9-44FC-8B4B-3AE36CC3047B} = {A049B127-9FD9-466A-AADE-8648B587E399}
		{B5FDB039-1041-4B2B-919A-7F33898869A9} = {A049B127-9FD9-466A-AADE-8648B587E399}
		{837A972C-B07C-4016-96C5-FC1B92C25B3E} = {A049B127-9FD9-466A-AADE-8648B587E399}
		{B4A6EB84-76CD-45C0-B8FF-4EC1D79B7025} = {A049B127-9FD9-466A-AADE-8648B587E399}
		{5249AA6E-1A85-4BF1-B7F9-B6B978ED8A20} = {A049B127-9FD9-466A-AADE-8648B587E399}
		{7A92C8F6-0F47-4BA8-B746-ED92C8B1B45A} = {3D6B370D-E138-4ED3-92C9-D6E4D0DB5C78}
		{AF558279-5FF5-495F-B0DA-55DDFA2C48A3} = {3D6B370D-E138-4ED3-92C9-D6E4D0DB5C78}
		{19383CC0-4993-4872-AE41-0CF51BE30B93} = {3D6B370D-E138-4ED3-92C9-D6E4D0DB5C78}
		{C68A653F-0E87-4DB7-86E1-C52B3397A15A} = {3D6B370D-E138-4ED3-92C9-D6E4D0DB5C78}
		{18BA51B4-4D70-43C0-9017-93BC84FE4097} = {3D6B370D-E138-4ED3-92C9-D6E4D0DB5C78}
		{74B55F99-F819-4BCE-AD25-E19635A4D1C1} = {3D6B370D-E138-4ED3-92C9-D6E4D0DB5C78}
	EndGlobalSection
	GlobalSection(ExtensibilityGlobals) = postSolution
		SolutionGuid = {D6088332-9766-4974-A614-DBD6313C2342}
	EndGlobalSection
EndGlobal
